
Microsoft Visual Studio Solution File, Format Version 12.00
# Visual Studio Version 17
VisualStudioVersion = 17.9.34607.119
MinimumVisualStudioVersion = 10.0.40219.1
Project("{FAE04EC0-301F-11D3-BF4B-00C04F79EFBC}") = "IfElse with Multiple Conditions Exercise", "IfElse with Multiple Conditions Exercise\IfElse with Multiple Conditions Exercise.csproj", "{B1E07429-D270-42D3-BF11-DCC2D12390CC}"
EndProject
Global
	GlobalSection(SolutionConfigurationPlatforms) = preSolution
		Debug|Any CPU = Debug|Any CPU
		Release|Any CPU = Release|Any CPU
	EndGlobalSection
	GlobalSection(ProjectConfigurationPlatforms) = postSolution
		{B1E07429-D270-42D3-BF11-DCC2D12390CC}.Debug|Any CPU.ActiveCfg = Debug|Any CPU
		{B1E07429-D270-42D3-BF11-DCC2D12390CC}.Debug|Any CPU.Build.0 = Debug|Any CPU
		{B1E07429-D270-42D3-BF11-DCC2D12390CC}.Release|Any CPU.ActiveCfg = Release|Any CPU
		{B1E07429-D270-42D3-BF11-DCC2D12390CC}.Release|Any CPU.Build.0 = Release|Any CPU
	EndGlobalSection
	GlobalSection(SolutionProperties) = preSolution
		HideSolutionNode = FALSE
	EndGlobalSection
	GlobalSection(ExtensibilityGlobals) = postSolution
		SolutionGuid = {CED97DF2-4EE4-492C-BB0B-C6CDD2CFFAE0}
	EndGlobalSection
EndGlobal
